
Microsoft Visual Studio Solution File, Format Version 12.00
# Visual Studio 15
VisualStudioVersion = 15.0.26124.0
MinimumVisualStudioVersion = 15.0.26124.0
Project("{FAE04EC0-301F-11D3-BF4B-00C04F79EFBC}") = "Rover.Library", "Rover.Library\Rover.Library.csproj", "{6DFCE853-8176-485E-A061-85BA43D5F775}"
EndProject
Project("{FAE04EC0-301F-11D3-BF4B-00C04F79EFBC}") = "Rover.Tests", "Rover.Tests\Rover.Tests.csproj", "{37978D2E-39EB-46C0-9F37-2E252939D58F}"
EndProject
Global
	GlobalSection(SolutionConfigurationPlatforms) = preSolution
		Debug|Any CPU = Debug|Any CPU
		Debug|x64 = Debug|x64
		Debug|x86 = Debug|x86
		Release|Any CPU = Release|Any CPU
		Release|x64 = Release|x64
		Release|x86 = Release|x86
	EndGlobalSection
	GlobalSection(SolutionProperties) = preSolution
		HideSolutionNode = FALSE
	EndGlobalSection
	GlobalSection(ProjectConfigurationPlatforms) = postSolution
		{6DFCE853-8176-485E-A061-85BA43D5F775}.Debug|Any CPU.ActiveCfg = Debug|Any CPU
		{6DFCE853-8176-485E-A061-85BA43D5F775}.Debug|Any CPU.Build.0 = Debug|Any CPU
		{6DFCE853-8176-485E-A061-85BA43D5F775}.Debug|x64.ActiveCfg = Debug|Any CPU
		{6DFCE853-8176-485E-A061-85BA43D5F775}.Debug|x64.Build.0 = Debug|Any CPU
		{6DFCE853-8176-485E-A061-85BA43D5F775}.Debug|x86.ActiveCfg = Debug|Any CPU
		{6DFCE853-8176-485E-A061-85BA43D5F775}.Debug|x86.Build.0 = Debug|Any CPU
		{6DFCE853-8176-485E-A061-85BA43D5F775}.Release|Any CPU.ActiveCfg = Release|Any CPU
		{6DFCE853-8176-485E-A061-85BA43D5F775}.Release|Any CPU.Build.0 = Release|Any CPU
		{6DFCE853-8176-485E-A061-85BA43D5F775}.Release|x64.ActiveCfg = Release|Any CPU
		{6DFCE853-8176-485E-A061-85BA43D5F775}.Release|x64.Build.0 = Release|Any CPU
		{6DFCE853-8176-485E-A061-85BA43D5F775}.Release|x86.ActiveCfg = Release|Any CPU
		{6DFCE853-8176-485E-A061-85BA43D5F775}.Release|x86.Build.0 = Release|Any CPU
		{37978D2E-39EB-46C0-9F37-2E252939D58F}.Debug|Any CPU.ActiveCfg = Debug|Any CPU
		{37978D2E-39EB-46C0-9F37-2E252939D58F}.Debug|Any CPU.Build.0 = Debug|Any CPU
		{37978D2E-39EB-46C0-9F37-2E252939D58F}.Debug|x64.ActiveCfg = Debug|Any CPU
		{37978D2E-39EB-46C0-9F37-2E252939D58F}.Debug|x64.Build.0 = Debug|Any CPU
		{37978D2E-39EB-46C0-9F37-2E252939D58F}.Debug|x86.ActiveCfg = Debug|Any CPU
		{37978D2E-39EB-46C0-9F37-2E252939D58F}.Debug|x86.Build.0 = Debug|Any CPU
		{37978D2E-39EB-46C0-9F37-2E252939D58F}.Release|Any CPU.ActiveCfg = Release|Any CPU
		{37978D2E-39EB-46C0-9F37-2E252939D58F}.Release|Any CPU.Build.0 = Release|Any CPU
		{37978D2E-39EB-46C0-9F37-2E252939D58F}.Release|x64.ActiveCfg = Release|Any CPU
		{37978D2E-39EB-46C0-9F37-2E252939D58F}.Release|x64.Build.0 = Release|Any CPU
		{37978D2E-39EB-46C0-9F37-2E252939D58F}.Release|x86.ActiveCfg = Release|Any CPU
		{37978D2E-39EB-46C0-9F37-2E252939D58F}.Release|x86.Build.0 = Release|Any CPU
	EndGlobalSection
EndGlobal
